// !$*UTF8*$!
{
	archiveVersion = 1;
	classes = {
	};
	objectVersion = 46;
	objects = {

/* Begin PBXBuildFile section */
		020365241A2C30E00066E295 /* AppDelegate.swift in Sources */ = {isa = PBXBuildFile; fileRef = 020365231A2C30E00066E295 /* AppDelegate.swift */; };
		020365261A2C30E00066E295 /* ViewController.swift in Sources */ = {isa = PBXBuildFile; fileRef = 020365251A2C30E00066E295 /* ViewController.swift */; };
		020365291A2C30E00066E295 /* Main.storyboard in Resources */ = {isa = PBXBuildFile; fileRef = 020365271A2C30E00066E295 /* Main.storyboard */; };
		0203652B1A2C30E00066E295 /* Images.xcassets in Resources */ = {isa = PBXBuildFile; fileRef = 0203652A1A2C30E00066E295 /* Images.xcassets */; };
		0203652E1A2C30E00066E295 /* LaunchScreen.xib in Resources */ = {isa = PBXBuildFile; fileRef = 0203652C1A2C30E00066E295 /* LaunchScreen.xib */; };
		0203653A1A2C30E00066E295 /* TimeTravelTouchTests.swift in Sources */ = {isa = PBXBuildFile; fileRef = 020365391A2C30E00066E295 /* TimeTravelTouchTests.swift */; };
/* End PBXBuildFile section */

/* Begin PBXContainerItemProxy section */
		020365341A2C30E00066E295 /* PBXContainerItemProxy */ = {
			isa = PBXContainerItemProxy;
			containerPortal = 020365161A2C30E00066E295 /* Project object */;
			proxyType = 1;
			remoteGlobalIDString = 0203651D1A2C30E00066E295;
			remoteInfo = TimeTravelTouch;
		};
/* End PBXContainerItemProxy section */

/* Begin PBXFileReference section */
		0203651E1A2C30E00066E295 /* TimeTravelTouch.app */ = {isa = PBXFileReference; explicitFileType = wrapper.application; includeInIndex = 0; path = TimeTravelTouch.app; sourceTree = BUILT_PRODUCTS_DIR; };
		020365221A2C30E00066E295 /* Info.plist */ = {isa = PBXFileReference; lastKnownFileType = text.plist.xml; path = Info.plist; sourceTree = "<group>"; };
		020365231A2C30E00066E295 /* AppDelegate.swift */ = {isa = PBXFileReference; lastKnownFileType = sourcecode.swift; path = AppDelegate.swift; sourceTree = "<group>"; };
		020365251A2C30E00066E295 /* ViewController.swift */ = {isa = PBXFileReference; lastKnownFileType = sourcecode.swift; path = ViewController.swift; sourceTree = "<group>"; };
		020365281A2C30E00066E295 /* Base */ = {isa = PBXFileReference; lastKnownFileType = file.storyboard; name = Base; path = Base.lproj/Main.storyboard; sourceTree = "<group>"; };
		0203652A1A2C30E00066E295 /* Images.xcassets */ = {isa = PBXFileReference; lastKnownFileType = folder.assetcatalog; path = Images.xcassets; sourceTree = "<group>"; };
		0203652D1A2C30E00066E295 /* Base */ = {isa = PBXFileReference; lastKnownFileType = file.xib; name = Base; path = Base.lproj/LaunchScreen.xib; sourceTree = "<group>"; };
		020365331A2C30E00066E295 /* TimeTravelTouchTests.xctest */ = {isa = PBXFileReference; explicitFileType = wrapper.cfbundle; includeInIndex = 0; path = TimeTravelTouchTests.xctest; sourceTree = BUILT_PRODUCTS_DIR; };
		020365381A2C30E00066E295 /* Info.plist */ = {isa = PBXFileReference; lastKnownFileType = text.plist.xml; path = Info.plist; sourceTree = "<group>"; };
		020365391A2C30E00066E295 /* TimeTravelTouchTests.swift */ = {isa = PBXFileReference; lastKnownFileType = sourcecode.swift; path = TimeTravelTouchTests.swift; sourceTree = "<group>"; };
/* End PBXFileReference section */

/* Begin PBXFrameworksBuildPhase section */
		0203651B1A2C30E00066E295 /* Frameworks */ = {
			isa = PBXFrameworksBuildPhase;
			buildActionMask = 2147483647;
			files = (
			);
			runOnlyForDeploymentPostprocessing = 0;
		};
		020365301A2C30E00066E295 /* Frameworks */ = {
			isa = PBXFrameworksBuildPhase;
			buildActionMask = 2147483647;
			files = (
			);
			runOnlyForDeploymentPostprocessing = 0;
		};
/* End PBXFrameworksBuildPhase section */

/* Begin PBXGroup section */
		020365151A2C30E00066E295 = {
			isa = PBXGroup;
			children = (
				020365201A2C30E00066E295 /* TimeTravelTouch */,
				020365361A2C30E00066E295 /* TimeTravelTouchTests */,
				0203651F1A2C30E00066E295 /* Products */,
			);
			sourceTree = "<group>";
		};
		0203651F1A2C30E00066E295 /* Products */ = {
			isa = PBXGroup;
			children = (
				0203651E1A2C30E00066E295 /* TimeTravelTouch.app */,
				020365331A2C30E00066E295 /* TimeTravelTouchTests.xctest */,
			);
			name = Products;
			sourceTree = "<group>";
		};
		020365201A2C30E00066E295 /* TimeTravelTouch */ = {
			isa = PBXGroup;
			children = (
				020365231A2C30E00066E295 /* AppDelegate.swift */,
				020365251A2C30E00066E295 /* ViewController.swift */,
				020365271A2C30E00066E295 /* Main.storyboard */,
				0203652A1A2C30E00066E295 /* Images.xcassets */,
				0203652C1A2C30E00066E295 /* LaunchScreen.xib */,
				020365211A2C30E00066E295 /* Supporting Files */,
			);
			path = TimeTravelTouch;
			sourceTree = "<group>";
		};
		020365211A2C30E00066E295 /* Supporting Files */ = {
			isa = PBXGroup;
			children = (
				020365221A2C30E00066E295 /* Info.plist */,
			);
			name = "Supporting Files";
			sourceTree = "<group>";
		};
		020365361A2C30E00066E295 /* TimeTravelTouchTests */ = {
			isa = PBXGroup;
			children = (
				020365391A2C30E00066E295 /* TimeTravelTouchTests.swift */,
				020365371A2C30E00066E295 /* Supporting Files */,
			);
			path = TimeTravelTouchTests;
			sourceTree = "<group>";
		};
		020365371A2C30E00066E295 /* Supporting Files */ = {
			isa = PBXGroup;
			children = (
				020365381A2C30E00066E295 /* Info.plist */,
			);
			name = "Supporting Files";
			sourceTree = "<group>";
		};
/* End PBXGroup section */

/* Begin PBXNativeTarget section */
		0203651D1A2C30E00066E295 /* TimeTravelTouch */ = {
			isa = PBXNativeTarget;
			buildConfigurationList = 0203653D1A2C30E00066E295 /* Build configuration list for PBXNativeTarget "TimeTravelTouch" */;
			buildPhases = (
				0203651A1A2C30E00066E295 /* Sources */,
				0203651B1A2C30E00066E295 /* Frameworks */,
				0203651C1A2C30E00066E295 /* Resources */,
			);
			buildRules = (
			);
			dependencies = (
			);
			name = TimeTravelTouch;
			productName = TimeTravelTouch;
			productReference = 0203651E1A2C30E00066E295 /* TimeTravelTouch.app */;
			productType = "com.apple.product-type.application";
		};
		020365321A2C30E00066E295 /* TimeTravelTouchTests */ = {
			isa = PBXNativeTarget;
			buildConfigurationList = 020365401A2C30E00066E295 /* Build configuration list for PBXNativeTarget "TimeTravelTouchTests" */;
			buildPhases = (
				0203652F1A2C30E00066E295 /* Sources */,
				020365301A2C30E00066E295 /* Frameworks */,
				020365311A2C30E00066E295 /* Resources */,
			);
			buildRules = (
			);
			dependencies = (
				020365351A2C30E00066E295 /* PBXTargetDependency */,
			);
			name = TimeTravelTouchTests;
			productName = TimeTravelTouchTests;
			productReference = 020365331A2C30E00066E295 /* TimeTravelTouchTests.xctest */;
			productType = "com.apple.product-type.bundle.unit-test";
		};
/* End PBXNativeTarget section */

/* Begin PBXProject section */
		020365161A2C30E00066E295 /* Project object */ = {
			isa = PBXProject;
			attributes = {
				LastUpgradeCheck = 0610;
				ORGANIZATIONNAME = "JQ Software LLC";
				TargetAttributes = {
					0203651D1A2C30E00066E295 = {
						CreatedOnToolsVersion = 6.1;
					};
					020365321A2C30E00066E295 = {
						CreatedOnToolsVersion = 6.1;
						TestTargetID = 0203651D1A2C30E00066E295;
					};
				};
			};
			buildConfigurationList = 020365191A2C30E00066E295 /* Build configuration list for PBXProject "TimeTravelTouch" */;
			compatibilityVersion = "Xcode 3.2";
			developmentRegion = English;
			hasScannedForEncodings = 0;
			knownRegions = (
				en,
				Base,
			);
			mainGroup = 020365151A2C30E00066E295;
			productRefGroup = 0203651F1A2C30E00066E295 /* Products */;
			projectDirPath = "";
			projectRoot = "";
			targets = (
				0203651D1A2C30E00066E295 /* TimeTravelTouch */,
				020365321A2C30E00066E295 /* TimeTravelTouchTests */,
			);
		};
/* End PBXProject section */

/* Begin PBXResourcesBuildPhase section */
		0203651C1A2C30E00066E295 /* Resources */ = {
			isa = PBXResourcesBuildPhase;
			buildActionMask = 2147483647;
			files = (
				020365291A2C30E00066E295 /* Main.storyboard in Resources */,
				0203652E1A2C30E00066E295 /* LaunchScreen.xib in Resources */,
				0203652B1A2C30E00066E295 /* Images.xcassets in Resources */,
			);
			runOnlyForDeploymentPostprocessing = 0;
		};
		020365311A2C30E00066E295 /* Resources */ = {
			isa = PBXResourcesBuildPhase;
			buildActionMask = 2147483647;
			files = (
			);
			runOnlyForDeploymentPostprocessing = 0;
		};
/* End PBXResourcesBuildPhase section */

/* Begin PBXSourcesBuildPhase section */
		0203651A1A2C30E00066E295 /* Sources */ = {
			isa = PBXSourcesBuildPhase;
			buildActionMask = 2147483647;
			files = (
				020365261A2C30E00066E295 /* ViewController.swift in Sources */,
				020365241A2C30E00066E295 /* AppDelegate.swift in Sources */,
			);
			runOnlyForDeploymentPostprocessing = 0;
		};
		0203652F1A2C30E00066E295 /* Sources */ = {
			isa = PBXSourcesBuildPhase;
			buildActionMask = 2147483647;
			files = (
				0203653A1A2C30E00066E295 /* TimeTravelTouchTests.swift in Sources */,
			);
			runOnlyForDeploymentPostprocessing = 0;
		};
/* End PBXSourcesBuildPhase section */

/* Begin PBXTargetDependency section */
		020365351A2C30E00066E295 /* PBXTargetDependency */ = {
			isa = PBXTargetDependency;
			target = 0203651D1A2C30E00066E295 /* TimeTravelTouch */;
			targetProxy = 020365341A2C30E00066E295 /* PBXContainerItemProxy */;
		};
/* End PBXTargetDependency section */

/* Begin PBXVariantGroup section */
		020365271A2C30E00066E295 /* Main.storyboard */ = {
			isa = PBXVariantGroup;
			children = (
				020365281A2C30E00066E295 /* Base */,
			);
			name = Main.storyboard;
			sourceTree = "<group>";
		};
		0203652C1A2C30E00066E295 /* LaunchScreen.xib */ = {
			isa = PBXVariantGroup;
			children = (
				0203652D1A2C30E00066E295 /* Base */,
			);
			name = LaunchScreen.xib;
			sourceTree = "<group>";
		};
/* End PBXVariantGroup section */

/* Begin XCBuildConfiguration section */
		0203653B1A2C30E00066E295 /* Debug */ = {
			isa = XCBuildConfiguration;
			buildSettings = {
				ALWAYS_SEARCH_USER_PATHS = NO;
				CLANG_CXX_LANGUAGE_STANDARD = "gnu++0x";
				CLANG_CXX_LIBRARY = "libc++";
				CLANG_ENABLE_MODULES = YES;
				CLANG_ENABLE_OBJC_ARC = YES;
				CLANG_WARN_BOOL_CONVERSION = YES;
				CLANG_WARN_CONSTANT_CONVERSION = YES;
				CLANG_WARN_DIRECT_OBJC_ISA_USAGE = YES_ERROR;
				CLANG_WARN_EMPTY_BODY = YES;
				CLANG_WARN_ENUM_CONVERSION = YES;
				CLANG_WARN_INT_CONVERSION = YES;
				CLANG_WARN_OBJC_ROOT_CLASS = YES_ERROR;
				CLANG_WARN_UNREACHABLE_CODE = YES;
				CLANG_WARN__DUPLICATE_METHOD_MATCH = YES;
				"CODE_SIGN_IDENTITY[sdk=iphoneos*]" = "iPhone Developer";
				COPY_PHASE_STRIP = NO;
				ENABLE_STRICT_OBJC_MSGSEND = YES;
				GCC_C_LANGUAGE_STANDARD = gnu99;
				GCC_DYNAMIC_NO_PIC = NO;
				GCC_OPTIMIZATION_LEVEL = 0;
				GCC_PREPROCESSOR_DEFINITIONS = (
					"DEBUG=1",
					"$(inherited)",
				);
				GCC_SYMBOLS_PRIVATE_EXTERN = NO;
				GCC_WARN_64_TO_32_BIT_CONVERSION = YES;
				GCC_WARN_ABOUT_RETURN_TYPE = YES_ERROR;
				GCC_WARN_UNDECLARED_SELECTOR = YES;
				GCC_WARN_UNINITIALIZED_AUTOS = YES_AGGRESSIVE;
				GCC_WARN_UNUSED_FUNCTION = YES;
				GCC_WARN_UNUSED_VARIABLE = YES;
				IPHONEOS_DEPLOYMENT_TARGET = 8.1;
				MTL_ENABLE_DEBUG_INFO = YES;
				ONLY_ACTIVE_ARCH = YES;
				SDKROOT = iphoneos;
				SWIFT_OPTIMIZATION_LEVEL = "-Onone";
				TARGETED_DEVICE_FAMILY = "1,2";
			};
			name = Debug;
		};
		0203653C1A2C30E00066E295 /* Release */ = {
			isa = XCBuildConfiguration;
			buildSettings = {
				ALWAYS_SEARCH_USER_PATHS = NO;
				CLANG_CXX_LANGUAGE_STANDARD = "gnu++0x";
				CLANG_CXX_LIBRARY = "libc++";
				CLANG_ENABLE_MODULES = YES;
				CLANG_ENABLE_OBJC_ARC = YES;
				CLANG_WARN_BOOL_CONVERSION = YES;
				CLANG_WARN_CONSTANT_CONVERSION = YES;
				CLANG_WARN_DIRECT_OBJC_ISA_USAGE = YES_ERROR;
				CLANG_WARN_EMPTY_BODY = YES;
				CLANG_WARN_ENUM_CONVERSION = YES;
				CLANG_WARN_INT_CONVERSION = YES;
				CLANG_WARN_OBJC_ROOT_CLASS = YES_ERROR;
				CLANG_WARN_UNREACHABLE_CODE = YES;
				CLANG_WARN__DUPLICATE_METHOD_MATCH = YES;
				"CODE_SIGN_IDENTITY[sdk=iphoneos*]" = "iPhone Developer";
				COPY_PHASE_STRIP = YES;
				ENABLE_NS_ASSERTIONS = NO;
				ENABLE_STRICT_OBJC_MSGSEND = YES;
				GCC_C_LANGUAGE_STANDARD = gnu99;
				GCC_WARN_64_TO_32_BIT_CONVERSION = YES;
				GCC_WARN_ABOUT_RETURN_TYPE = YES_ERROR;
				GCC_WARN_UNDECLARED_SELECTOR = YES;
				GCC_WARN_UNINITIALIZED_AUTOS = YES_AGGRESSIVE;
				GCC_WARN_UNUSED_FUNCTION = YES;
				GCC_WARN_UNUSED_VARIABLE = YES;
				IPHONEOS_DEPLOYMENT_TARGET = 8.1;
				MTL_ENABLE_DEBUG_INFO = NO;
				SDKROOT = iphoneos;
				TARGETED_DEVICE_FAMILY = "1,2";
				VALIDATE_PRODUCT = YES;
			};
			name = Release;
		};
		0203653E1A2C30E00066E295 /* Debug */ = {
			isa = XCBuildConfiguration;
			buildSettings = {
				ASSETCATALOG_COMPILER_APPICON_NAME = AppIcon;
				INFOPLIST_FILE = TimeTravelTouch/Info.plist;
				LD_RUNPATH_SEARCH_PATHS = "$(inherited) @executable_path/Frameworks";
				PRODUCT_NAME = "$(TARGET_NAME)";
			};
			name = Debug;
		};
		0203653F1A2C30E00066E295 /* Release */ = {
			isa = XCBuildConfiguration;
			buildSettings = {
				ASSETCATALOG_COMPILER_APPICON_NAME = AppIcon;
				INFOPLIST_FILE = TimeTravelTouch/Info.plist;
				LD_RUNPATH_SEARCH_PATHS = "$(inherited) @executable_path/Frameworks";
				PRODUCT_NAME = "$(TARGET_NAME)";
			};
			name = Release;
		};
		020365411A2C30E00066E295 /* Debug */ = {
			isa = XCBuildConfiguration;
			buildSettings = {
				BUNDLE_LOADER = "$(TEST_HOST)";
				FRAMEWORK_SEARCH_PATHS = (
					"$(SDKROOT)/Developer/Library/Frameworks",
					"$(inherited)",
				);
				GCC_PREPROCESSOR_DEFINITIONS = (
					"DEBUG=1",
					"$(inherited)",
				);
				INFOPLIST_FILE = TimeTravelTouchTests/Info.plist;
				LD_RUNPATH_SEARCH_PATHS = "$(inherited) @executable_path/Frameworks @loader_path/Frameworks";
				PRODUCT_NAME = "$(TARGET_NAME)";
				TEST_HOST = "$(BUILT_PRODUCTS_DIR)/TimeTravelTouch.app/TimeTravelTouch";
			};
			name = Debug;
		};
		020365421A2C30E00066E295 /* Release */ = {
			isa = XCBuildConfiguration;
			buildSettings = {
				BUNDLE_LOADER = "$(TEST_HOST)";
				FRAMEWORK_SEARCH_PATHS = (
					"$(SDKROOT)/Developer/Library/Frameworks",
					"$(inherited)",
				);
				INFOPLIST_FILE = TimeTravelTouchTests/Info.plist;
				LD_RUNPATH_SEARCH_PATHS = "$(inherited) @executable_path/Frameworks @loader_path/Frameworks";
				PRODUCT_NAME = "$(TARGET_NAME)";
				TEST_HOST = "$(BUILT_PRODUCTS_DIR)/TimeTravelTouch.app/TimeTravelTouch";
			};
			name = Release;
		};
/* End XCBuildConfiguration section */

/* Begin XCConfigurationList section */
		020365191A2C30E00066E295 /* Build configuration list for PBXProject "TimeTravelTouch" */ = {
			isa = XCConfigurationList;
			buildConfigurations = (
				0203653B1A2C30E00066E295 /* Debug */,
				0203653C1A2C30E00066E295 /* Release */,
			);
			defaultConfigurationIsVisible = 0;
			defaultConfigurationName = Release;
		};
		0203653D1A2C30E00066E295 /* Build configuration list for PBXNativeTarget "TimeTravelTouch" */ = {
			isa = XCConfigurationList;
			buildConfigurations = (
				0203653E1A2C30E00066E295 /* Debug */,
				0203653F1A2C30E00066E295 /* Release */,
			);
			defaultConfigurationIsVisible = 0;
		};
		020365401A2C30E00066E295 /* Build configuration list for PBXNativeTarget "TimeTravelTouchTests" */ = {
			isa = XCConfigurationList;
			buildConfigurations = (
				020365411A2C30E00066E295 /* Debug */,
				020365421A2C30E00066E295 /* Release */,
			);
			defaultConfigurationIsVisible = 0;
		};
/* End XCConfigurationList section */
	};
	rootObject = 020365161A2C30E00066E295 /* Project object */;
}
